
Microsoft Visual Studio Solution File, Format Version 12.00
# Visual Studio 15
VisualStudioVersion = 15.0.27703.2047
MinimumVisualStudioVersion = 10.0.40219.1
Project("{FAE04EC0-301F-11D3-BF4B-00C04F79EFBC}") = "ConsoleApp", "TestsGenerator\ConsoleApp.csproj", "{CE09796A-3277-4A6A-A8B5-1A435A44BA55}"
EndProject
Project("{FAE04EC0-301F-11D3-BF4B-00C04F79EFBC}") = "TestsGenerator", "Generator\TestsGenerator.csproj", "{2ABE8CE9-2576-4942-97CC-98851601AD3F}"
EndProject
Global
	GlobalSection(SolutionConfigurationPlatforms) = preSolution
		Debug|Any CPU = Debug|Any CPU
		Release|Any CPU = Release|Any CPU
	EndGlobalSection
	GlobalSection(ProjectConfigurationPlatforms) = postSolution
		{CE09796A-3277-4A6A-A8B5-1A435A44BA55}.Debug|Any CPU.ActiveCfg = Debug|Any CPU
		{CE09796A-3277-4A6A-A8B5-1A435A44BA55}.Debug|Any CPU.Build.0 = Debug|Any CPU
		{CE09796A-3277-4A6A-A8B5-1A435A44BA55}.Release|Any CPU.ActiveCfg = Release|Any CPU
		{CE09796A-3277-4A6A-A8B5-1A435A44BA55}.Release|Any CPU.Build.0 = Release|Any CPU
		{2ABE8CE9-2576-4942-97CC-98851601AD3F}.Debug|Any CPU.ActiveCfg = Debug|Any CPU
		{2ABE8CE9-2576-4942-97CC-98851601AD3F}.Debug|Any CPU.Build.0 = Debug|Any CPU
		{2ABE8CE9-2576-4942-97CC-98851601AD3F}.Release|Any CPU.ActiveCfg = Release|Any CPU
		{2ABE8CE9-2576-4942-97CC-98851601AD3F}.Release|Any CPU.Build.0 = Release|Any CPU
	EndGlobalSection
	GlobalSection(SolutionProperties) = preSolution
		HideSolutionNode = FALSE
	EndGlobalSection
	GlobalSection(ExtensibilityGlobals) = postSolution
		SolutionGuid = {B7B4516B-AC14-4DC0-AAF0-73AF20DCD710}
	EndGlobalSection
EndGlobal
